
Microsoft Visual Studio Solution File, Format Version 12.00
# Visual Studio 15
VisualStudioVersion = 15.0.27428.2027
MinimumVisualStudioVersion = 10.0.40219.1
Project("{9A19103F-16F7-4668-BE54-9A1E7A4F7556}") = "NaturaShop", "NaturaShop\NaturaShop.csproj", "{D5FAC63B-7E45-47F1-82D8-B8D5D806D8D2}"
EndProject
Project("{9A19103F-16F7-4668-BE54-9A1E7A4F7556}") = "Application", "Application\Application.csproj", "{3EF1585A-ED9C-421F-B977-A296150AA78F}"
EndProject
Project("{9A19103F-16F7-4668-BE54-9A1E7A4F7556}") = "Domain", "Domain\Domain.csproj", "{68ABC3F6-4C51-4151-BDB4-A977C70280C6}"
EndProject
Project("{9A19103F-16F7-4668-BE54-9A1E7A4F7556}") = "Common", "Common\Common.csproj", "{4A496D6D-E3B0-43CD-ABE1-FDE5B287FA05}"
EndProject
Project("{9A19103F-16F7-4668-BE54-9A1E7A4F7556}") = "Persistence", "Persistence\Persistence.csproj", "{5E8DC298-1F98-467A-9D29-AD400B9E761B}"
EndProject
Global
	GlobalSection(SolutionConfigurationPlatforms) = preSolution
		Debug|Any CPU = Debug|Any CPU
		Release|Any CPU = Release|Any CPU
	EndGlobalSection
	GlobalSection(ProjectConfigurationPlatforms) = postSolution
		{D5FAC63B-7E45-47F1-82D8-B8D5D806D8D2}.Debug|Any CPU.ActiveCfg = Debug|Any CPU
		{D5FAC63B-7E45-47F1-82D8-B8D5D806D8D2}.Debug|Any CPU.Build.0 = Debug|Any CPU
		{D5FAC63B-7E45-47F1-82D8-B8D5D806D8D2}.Release|Any CPU.ActiveCfg = Release|Any CPU
		{D5FAC63B-7E45-47F1-82D8-B8D5D806D8D2}.Release|Any CPU.Build.0 = Release|Any CPU
		{3EF1585A-ED9C-421F-B977-A296150AA78F}.Debug|Any CPU.ActiveCfg = Debug|Any CPU
		{3EF1585A-ED9C-421F-B977-A296150AA78F}.Debug|Any CPU.Build.0 = Debug|Any CPU
		{3EF1585A-ED9C-421F-B977-A296150AA78F}.Release|Any CPU.ActiveCfg = Release|Any CPU
		{3EF1585A-ED9C-421F-B977-A296150AA78F}.Release|Any CPU.Build.0 = Release|Any CPU
		{68ABC3F6-4C51-4151-BDB4-A977C70280C6}.Debug|Any CPU.ActiveCfg = Debug|Any CPU
		{68ABC3F6-4C51-4151-BDB4-A977C70280C6}.Debug|Any CPU.Build.0 = Debug|Any CPU
		{68ABC3F6-4C51-4151-BDB4-A977C70280C6}.Release|Any CPU.ActiveCfg = Release|Any CPU
		{68ABC3F6-4C51-4151-BDB4-A977C70280C6}.Release|Any CPU.Build.0 = Release|Any CPU
		{4A496D6D-E3B0-43CD-ABE1-FDE5B287FA05}.Debug|Any CPU.ActiveCfg = Debug|Any CPU
		{4A496D6D-E3B0-43CD-ABE1-FDE5B287FA05}.Debug|Any CPU.Build.0 = Debug|Any CPU
		{4A496D6D-E3B0-43CD-ABE1-FDE5B287FA05}.Release|Any CPU.ActiveCfg = Release|Any CPU
		{4A496D6D-E3B0-43CD-ABE1-FDE5B287FA05}.Release|Any CPU.Build.0 = Release|Any CPU
		{5E8DC298-1F98-467A-9D29-AD400B9E761B}.Debug|Any CPU.ActiveCfg = Debug|Any CPU
		{5E8DC298-1F98-467A-9D29-AD400B9E761B}.Debug|Any CPU.Build.0 = Debug|Any CPU
		{5E8DC298-1F98-467A-9D29-AD400B9E761B}.Release|Any CPU.ActiveCfg = Release|Any CPU
		{5E8DC298-1F98-467A-9D29-AD400B9E761B}.Release|Any CPU.Build.0 = Release|Any CPU
	EndGlobalSection
	GlobalSection(SolutionProperties) = preSolution
		HideSolutionNode = FALSE
	EndGlobalSection
	GlobalSection(ExtensibilityGlobals) = postSolution
		SolutionGuid = {0E6F276F-EF5F-4AE6-80CA-E548942E9A4C}
	EndGlobalSection
EndGlobal
